// !$*UTF8*$!
{
	archiveVersion = 1;
	classes = {
	};
	objectVersion = 50;
	objects = {

/* Begin PBXBuildFile section */
		846E74F725E539B20055F792 /* tradingBotApp.swift in Sources */ = {isa = PBXBuildFile; fileRef = 846E74F625E539B20055F792 /* tradingBotApp.swift */; };
		846E74F925E539B20055F792 /* ContentView.swift in Sources */ = {isa = PBXBuildFile; fileRef = 846E74F825E539B20055F792 /* ContentView.swift */; };
		846E74FB25E539BD0055F792 /* Assets.xcassets in Resources */ = {isa = PBXBuildFile; fileRef = 846E74FA25E539BD0055F792 /* Assets.xcassets */; };
		846E74FE25E539BD0055F792 /* Preview Assets.xcassets in Resources */ = {isa = PBXBuildFile; fileRef = 846E74FD25E539BD0055F792 /* Preview Assets.xcassets */; };
		846E750925E539BD0055F792 /* tradingBotTests.swift in Sources */ = {isa = PBXBuildFile; fileRef = 846E750825E539BD0055F792 /* tradingBotTests.swift */; };
		846E751425E539BD0055F792 /* tradingBotUITests.swift in Sources */ = {isa = PBXBuildFile; fileRef = 846E751325E539BD0055F792 /* tradingBotUITests.swift */; };
/* End PBXBuildFile section */

/* Begin PBXContainerItemProxy section */
		846E750525E539BD0055F792 /* PBXContainerItemProxy */ = {
			isa = PBXContainerItemProxy;
			containerPortal = 846E74EB25E539B20055F792 /* Project object */;
			proxyType = 1;
			remoteGlobalIDString = 846E74F225E539B20055F792;
			remoteInfo = tradingBot;
		};
		846E751025E539BD0055F792 /* PBXContainerItemProxy */ = {
			isa = PBXContainerItemProxy;
			containerPortal = 846E74EB25E539B20055F792 /* Project object */;
			proxyType = 1;
			remoteGlobalIDString = 846E74F225E539B20055F792;
			remoteInfo = tradingBot;
		};
/* End PBXContainerItemProxy section */

/* Begin PBXFileReference section */
		846E74F325E539B20055F792 /* tradingBot.app */ = {isa = PBXFileReference; explicitFileType = wrapper.application; includeInIndex = 0; path = tradingBot.app; sourceTree = BUILT_PRODUCTS_DIR; };
		846E74F625E539B20055F792 /* tradingBotApp.swift */ = {isa = PBXFileReference; lastKnownFileType = sourcecode.swift; path = tradingBotApp.swift; sourceTree = "<group>"; };
		846E74F825E539B20055F792 /* ContentView.swift */ = {isa = PBXFileReference; lastKnownFileType = sourcecode.swift; path = ContentView.swift; sourceTree = "<group>"; };
		846E74FA25E539BD0055F792 /* Assets.xcassets */ = {isa = PBXFileReference; lastKnownFileType = folder.assetcatalog; path = Assets.xcassets; sourceTree = "<group>"; };
		846E74FD25E539BD0055F792 /* Preview Assets.xcassets */ = {isa = PBXFileReference; lastKnownFileType = folder.assetcatalog; path = "Preview Assets.xcassets"; sourceTree = "<group>"; };
		846E74FF25E539BD0055F792 /* Info.plist */ = {isa = PBXFileReference; lastKnownFileType = text.plist.xml; path = Info.plist; sourceTree = "<group>"; };
		846E750425E539BD0055F792 /* tradingBotTests.xctest */ = {isa = PBXFileReference; explicitFileType = wrapper.cfbundle; includeInIndex = 0; path = tradingBotTests.xctest; sourceTree = BUILT_PRODUCTS_DIR; };
		846E750825E539BD0055F792 /* tradingBotTests.swift */ = {isa = PBXFileReference; lastKnownFileType = sourcecode.swift; path = tradingBotTests.swift; sourceTree = "<group>"; };
		846E750A25E539BD0055F792 /* Info.plist */ = {isa = PBXFileReference; lastKnownFileType = text.plist.xml; path = Info.plist; sourceTree = "<group>"; };
		846E750F25E539BD0055F792 /* tradingBotUITests.xctest */ = {isa = PBXFileReference; explicitFileType = wrapper.cfbundle; includeInIndex = 0; path = tradingBotUITests.xctest; sourceTree = BUILT_PRODUCTS_DIR; };
		846E751325E539BD0055F792 /* tradingBotUITests.swift */ = {isa = PBXFileReference; lastKnownFileType = sourcecode.swift; path = tradingBotUITests.swift; sourceTree = "<group>"; };
		846E751525E539BD0055F792 /* Info.plist */ = {isa = PBXFileReference; lastKnownFileType = text.plist.xml; path = Info.plist; sourceTree = "<group>"; };
/* End PBXFileReference section */

/* Begin PBXFrameworksBuildPhase section */
		846E74F025E539B20055F792 /* Frameworks */ = {
			isa = PBXFrameworksBuildPhase;
			buildActionMask = 2147483647;
			files = (
			);
			runOnlyForDeploymentPostprocessing = 0;
		};
		846E750125E539BD0055F792 /* Frameworks */ = {
			isa = PBXFrameworksBuildPhase;
			buildActionMask = 2147483647;
			files = (
			);
			runOnlyForDeploymentPostprocessing = 0;
		};
		846E750C25E539BD0055F792 /* Frameworks */ = {
			isa = PBXFrameworksBuildPhase;
			buildActionMask = 2147483647;
			files = (
			);
			runOnlyForDeploymentPostprocessing = 0;
		};
/* End PBXFrameworksBuildPhase section */

/* Begin PBXGroup section */
		846E74EA25E539B20055F792 = {
			isa = PBXGroup;
			children = (
				846E74F525E539B20055F792 /* tradingBot */,
				846E750725E539BD0055F792 /* tradingBotTests */,
				846E751225E539BD0055F792 /* tradingBotUITests */,
				846E74F425E539B20055F792 /* Products */,
			);
			sourceTree = "<group>";
		};
		846E74F425E539B20055F792 /* Products */ = {
			isa = PBXGroup;
			children = (
				846E74F325E539B20055F792 /* tradingBot.app */,
				846E750425E539BD0055F792 /* tradingBotTests.xctest */,
				846E750F25E539BD0055F792 /* tradingBotUITests.xctest */,
			);
			name = Products;
			sourceTree = "<group>";
		};
		846E74F525E539B20055F792 /* tradingBot */ = {
			isa = PBXGroup;
			children = (
				846E74F625E539B20055F792 /* tradingBotApp.swift */,
				846E74F825E539B20055F792 /* ContentView.swift */,
				846E74FA25E539BD0055F792 /* Assets.xcassets */,
				846E74FF25E539BD0055F792 /* Info.plist */,
				846E74FC25E539BD0055F792 /* Preview Content */,
			);
			path = tradingBot;
			sourceTree = "<group>";
		};
		846E74FC25E539BD0055F792 /* Preview Content */ = {
			isa = PBXGroup;
			children = (
				846E74FD25E539BD0055F792 /* Preview Assets.xcassets */,
			);
			path = "Preview Content";
			sourceTree = "<group>";
		};
		846E750725E539BD0055F792 /* tradingBotTests */ = {
			isa = PBXGroup;
			children = (
				846E750825E539BD0055F792 /* tradingBotTests.swift */,
				846E750A25E539BD0055F792 /* Info.plist */,
			);
			path = tradingBotTests;
			sourceTree = "<group>";
		};
		846E751225E539BD0055F792 /* tradingBotUITests */ = {
			isa = PBXGroup;
			children = (
				846E751325E539BD0055F792 /* tradingBotUITests.swift */,
				846E751525E539BD0055F792 /* Info.plist */,
			);
			path = tradingBotUITests;
			sourceTree = "<group>";
		};
/* End PBXGroup section */

/* Begin PBXNativeTarget section */
		846E74F225E539B20055F792 /* tradingBot */ = {
			isa = PBXNativeTarget;
			buildConfigurationList = 846E751825E539BD0055F792 /* Build configuration list for PBXNativeTarget "tradingBot" */;
			buildPhases = (
				846E74EF25E539B20055F792 /* Sources */,
				846E74F025E539B20055F792 /* Frameworks */,
				846E74F125E539B20055F792 /* Resources */,
			);
			buildRules = (
			);
			dependencies = (
			);
			name = tradingBot;
			productName = tradingBot;
			productReference = 846E74F325E539B20055F792 /* tradingBot.app */;
			productType = "com.apple.product-type.application";
		};
		846E750325E539BD0055F792 /* tradingBotTests */ = {
			isa = PBXNativeTarget;
			buildConfigurationList = 846E751B25E539BD0055F792 /* Build configuration list for PBXNativeTarget "tradingBotTests" */;
			buildPhases = (
				846E750025E539BD0055F792 /* Sources */,
				846E750125E539BD0055F792 /* Frameworks */,
				846E750225E539BD0055F792 /* Resources */,
			);
			buildRules = (
			);
			dependencies = (
				846E750625E539BD0055F792 /* PBXTargetDependency */,
			);
			name = tradingBotTests;
			productName = tradingBotTests;
			productReference = 846E750425E539BD0055F792 /* tradingBotTests.xctest */;
			productType = "com.apple.product-type.bundle.unit-test";
		};
		846E750E25E539BD0055F792 /* tradingBotUITests */ = {
			isa = PBXNativeTarget;
			buildConfigurationList = 846E751E25E539BD0055F792 /* Build configuration list for PBXNativeTarget "tradingBotUITests" */;
			buildPhases = (
				846E750B25E539BD0055F792 /* Sources */,
				846E750C25E539BD0055F792 /* Frameworks */,
				846E750D25E539BD0055F792 /* Resources */,
			);
			buildRules = (
			);
			dependencies = (
				846E751125E539BD0055F792 /* PBXTargetDependency */,
			);
			name = tradingBotUITests;
			productName = tradingBotUITests;
			productReference = 846E750F25E539BD0055F792 /* tradingBotUITests.xctest */;
			productType = "com.apple.product-type.bundle.ui-testing";
		};
/* End PBXNativeTarget section */

/* Begin PBXProject section */
		846E74EB25E539B20055F792 /* Project object */ = {
			isa = PBXProject;
			attributes = {
				LastSwiftUpdateCheck = 1230;
				LastUpgradeCheck = 1230;
				TargetAttributes = {
					846E74F225E539B20055F792 = {
						CreatedOnToolsVersion = 12.3;
					};
					846E750325E539BD0055F792 = {
						CreatedOnToolsVersion = 12.3;
						TestTargetID = 846E74F225E539B20055F792;
					};
					846E750E25E539BD0055F792 = {
						CreatedOnToolsVersion = 12.3;
						TestTargetID = 846E74F225E539B20055F792;
					};
				};
			};
			buildConfigurationList = 846E74EE25E539B20055F792 /* Build configuration list for PBXProject "tradingBot" */;
			compatibilityVersion = "Xcode 9.3";
			developmentRegion = en;
			hasScannedForEncodings = 0;
			knownRegions = (
				en,
				Base,
			);
			mainGroup = 846E74EA25E539B20055F792;
			productRefGroup = 846E74F425E539B20055F792 /* Products */;
			projectDirPath = "";
			projectRoot = "";
			targets = (
				846E74F225E539B20055F792 /* tradingBot */,
				846E750325E539BD0055F792 /* tradingBotTests */,
				846E750E25E539BD0055F792 /* tradingBotUITests */,
			);
		};
/* End PBXProject section */

/* Begin PBXResourcesBuildPhase section */
		846E74F125E539B20055F792 /* Resources */ = {
			isa = PBXResourcesBuildPhase;
			buildActionMask = 2147483647;
			files = (
				846E74FE25E539BD0055F792 /* Preview Assets.xcassets in Resources */,
				846E74FB25E539BD0055F792 /* Assets.xcassets in Resources */,
			);
			runOnlyForDeploymentPostprocessing = 0;
		};
		846E750225E539BD0055F792 /* Resources */ = {
			isa = PBXResourcesBuildPhase;
			buildActionMask = 2147483647;
			files = (
			);
			runOnlyForDeploymentPostprocessing = 0;
		};
		846E750D25E539BD0055F792 /* Resources */ = {
			isa = PBXResourcesBuildPhase;
			buildActionMask = 2147483647;
			files = (
			);
			runOnlyForDeploymentPostprocessing = 0;
		};
/* End PBXResourcesBuildPhase section */

/* Begin PBXSourcesBuildPhase section */
		846E74EF25E539B20055F792 /* Sources */ = {
			isa = PBXSourcesBuildPhase;
			buildActionMask = 2147483647;
			files = (
				846E74F925E539B20055F792 /* ContentView.swift in Sources */,
				846E74F725E539B20055F792 /* tradingBotApp.swift in Sources */,
			);
			runOnlyForDeploymentPostprocessing = 0;
		};
		846E750025E539BD0055F792 /* Sources */ = {
			isa = PBXSourcesBuildPhase;
			buildActionMask = 2147483647;
			files = (
				846E750925E539BD0055F792 /* tradingBotTests.swift in Sources */,
			);
			runOnlyForDeploymentPostprocessing = 0;
		};
		846E750B25E539BD0055F792 /* Sources */ = {
			isa = PBXSourcesBuildPhase;
			buildActionMask = 2147483647;
			files = (
				846E751425E539BD0055F792 /* tradingBotUITests.swift in Sources */,
			);
			runOnlyForDeploymentPostprocessing = 0;
		};
/* End PBXSourcesBuildPhase section */

/* Begin PBXTargetDependency section */
		846E750625E539BD0055F792 /* PBXTargetDependency */ = {
			isa = PBXTargetDependency;
			target = 846E74F225E539B20055F792 /* tradingBot */;
			targetProxy = 846E750525E539BD0055F792 /* PBXContainerItemProxy */;
		};
		846E751125E539BD0055F792 /* PBXTargetDependency */ = {
			isa = PBXTargetDependency;
			target = 846E74F225E539B20055F792 /* tradingBot */;
			targetProxy = 846E751025E539BD0055F792 /* PBXContainerItemProxy */;
		};
/* End PBXTargetDependency section */

/* Begin XCBuildConfiguration section */
		846E751625E539BD0055F792 /* Debug */ = {
			isa = XCBuildConfiguration;
			buildSettings = {
				ALWAYS_SEARCH_USER_PATHS = NO;
				CLANG_ANALYZER_NONNULL = YES;
				CLANG_ANALYZER_NUMBER_OBJECT_CONVERSION = YES_AGGRESSIVE;
				CLANG_CXX_LANGUAGE_STANDARD = "gnu++14";
				CLANG_CXX_LIBRARY = "libc++";
				CLANG_ENABLE_MODULES = YES;
				CLANG_ENABLE_OBJC_ARC = YES;
				CLANG_ENABLE_OBJC_WEAK = YES;
				CLANG_WARN_BLOCK_CAPTURE_AUTORELEASING = YES;
				CLANG_WARN_BOOL_CONVERSION = YES;
				CLANG_WARN_COMMA = YES;
				CLANG_WARN_CONSTANT_CONVERSION = YES;
				CLANG_WARN_DEPRECATED_OBJC_IMPLEMENTATIONS = YES;
				CLANG_WARN_DIRECT_OBJC_ISA_USAGE = YES_ERROR;
				CLANG_WARN_DOCUMENTATION_COMMENTS = YES;
				CLANG_WARN_EMPTY_BODY = YES;
				CLANG_WARN_ENUM_CONVERSION = YES;
				CLANG_WARN_INFINITE_RECURSION = YES;
				CLANG_WARN_INT_CONVERSION = YES;
				CLANG_WARN_NON_LITERAL_NULL_CONVERSION = YES;
				CLANG_WARN_OBJC_IMPLICIT_RETAIN_SELF = YES;
				CLANG_WARN_OBJC_LITERAL_CONVERSION = YES;
				CLANG_WARN_OBJC_ROOT_CLASS = YES_ERROR;
				CLANG_WARN_QUOTED_INCLUDE_IN_FRAMEWORK_HEADER = YES;
				CLANG_WARN_RANGE_LOOP_ANALYSIS = YES;
				CLANG_WARN_STRICT_PROTOTYPES = YES;
				CLANG_WARN_SUSPICIOUS_MOVE = YES;
				CLANG_WARN_UNGUARDED_AVAILABILITY = YES_AGGRESSIVE;
				CLANG_WARN_UNREACHABLE_CODE = YES;
				CLANG_WARN__DUPLICATE_METHOD_MATCH = YES;
				COPY_PHASE_STRIP = NO;
				DEBUG_INFORMATION_FORMAT = dwarf;
				ENABLE_STRICT_OBJC_MSGSEND = YES;
				ENABLE_TESTABILITY = YES;
				GCC_C_LANGUAGE_STANDARD = gnu11;
				GCC_DYNAMIC_NO_PIC = NO;
				GCC_NO_COMMON_BLOCKS = YES;
				GCC_OPTIMIZATION_LEVEL = 0;
				GCC_PREPROCESSOR_DEFINITIONS = (
					"DEBUG=1",
					"$(inherited)",
				);
				GCC_WARN_64_TO_32_BIT_CONVERSION = YES;
				GCC_WARN_ABOUT_RETURN_TYPE = YES_ERROR;
				GCC_WARN_UNDECLARED_SELECTOR = YES;
				GCC_WARN_UNINITIALIZED_AUTOS = YES_AGGRESSIVE;
				GCC_WARN_UNUSED_FUNCTION = YES;
				GCC_WARN_UNUSED_VARIABLE = YES;
				IPHONEOS_DEPLOYMENT_TARGET = 14.3;
				MTL_ENABLE_DEBUG_INFO = INCLUDE_SOURCE;
				MTL_FAST_MATH = YES;
				ONLY_ACTIVE_ARCH = YES;
				SDKROOT = iphoneos;
				SWIFT_ACTIVE_COMPILATION_CONDITIONS = DEBUG;
				SWIFT_OPTIMIZATION_LEVEL = "-Onone";
			};
			name = Debug;
		};
		846E751725E539BD0055F792 /* Release */ = {
			isa = XCBuildConfiguration;
			buildSettings = {
				ALWAYS_SEARCH_USER_PATHS = NO;
				CLANG_ANALYZER_NONNULL = YES;
				CLANG_ANALYZER_NUMBER_OBJECT_CONVERSION = YES_AGGRESSIVE;
				CLANG_CXX_LANGUAGE_STANDARD = "gnu++14";
				CLANG_CXX_LIBRARY = "libc++";
				CLANG_ENABLE_MODULES = YES;
				CLANG_ENABLE_OBJC_ARC = YES;
				CLANG_ENABLE_OBJC_WEAK = YES;
				CLANG_WARN_BLOCK_CAPTURE_AUTORELEASING = YES;
				CLANG_WARN_BOOL_CONVERSION = YES;
				CLANG_WARN_COMMA = YES;
				CLANG_WARN_CONSTANT_CONVERSION = YES;
				CLANG_WARN_DEPRECATED_OBJC_IMPLEMENTATIONS = YES;
				CLANG_WARN_DIRECT_OBJC_ISA_USAGE = YES_ERROR;
				CLANG_WARN_DOCUMENTATION_COMMENTS = YES;
				CLANG_WARN_EMPTY_BODY = YES;
				CLANG_WARN_ENUM_CONVERSION = YES;
				CLANG_WARN_INFINITE_RECURSION = YES;
				CLANG_WARN_INT_CONVERSION = YES;
				CLANG_WARN_NON_LITERAL_NULL_CONVERSION = YES;
				CLANG_WARN_OBJC_IMPLICIT_RETAIN_SELF = YES;
				CLANG_WARN_OBJC_LITERAL_CONVERSION = YES;
				CLANG_WARN_OBJC_ROOT_CLASS = YES_ERROR;
				CLANG_WARN_QUOTED_INCLUDE_IN_FRAMEWORK_HEADER = YES;
				CLANG_WARN_RANGE_LOOP_ANALYSIS = YES;
				CLANG_WARN_STRICT_PROTOTYPES = YES;
				CLANG_WARN_SUSPICIOUS_MOVE = YES;
				CLANG_WARN_UNGUARDED_AVAILABILITY = YES_AGGRESSIVE;
				CLANG_WARN_UNREACHABLE_CODE = YES;
				CLANG_WARN__DUPLICATE_METHOD_MATCH = YES;
				COPY_PHASE_STRIP = NO;
				DEBUG_INFORMATION_FORMAT = "dwarf-with-dsym";
				ENABLE_NS_ASSERTIONS = NO;
				ENABLE_STRICT_OBJC_MSGSEND = YES;
				GCC_C_LANGUAGE_STANDARD = gnu11;
				GCC_NO_COMMON_BLOCKS = YES;
				GCC_WARN_64_TO_32_BIT_CONVERSION = YES;
				GCC_WARN_ABOUT_RETURN_TYPE = YES_ERROR;
				GCC_WARN_UNDECLARED_SELECTOR = YES;
				GCC_WARN_UNINITIALIZED_AUTOS = YES_AGGRESSIVE;
				GCC_WARN_UNUSED_FUNCTION = YES;
				GCC_WARN_UNUSED_VARIABLE = YES;
				IPHONEOS_DEPLOYMENT_TARGET = 14.3;
				MTL_ENABLE_DEBUG_INFO = NO;
				MTL_FAST_MATH = YES;
				SDKROOT = iphoneos;
				SWIFT_COMPILATION_MODE = wholemodule;
				SWIFT_OPTIMIZATION_LEVEL = "-O";
				VALIDATE_PRODUCT = YES;
			};
			name = Release;
		};
		846E751925E539BD0055F792 /* Debug */ = {
			isa = XCBuildConfiguration;
			buildSettings = {
				ASSETCATALOG_COMPILER_APPICON_NAME = AppIcon;
				ASSETCATALOG_COMPILER_GLOBAL_ACCENT_COLOR_NAME = AccentColor;
				CODE_SIGN_STYLE = Automatic;
				DEVELOPMENT_ASSET_PATHS = "\"tradingBot/Preview Content\"";
				ENABLE_PREVIEWS = YES;
				INFOPLIST_FILE = tradingBot/Info.plist;
				IPHONEOS_DEPLOYMENT_TARGET = 14.0;
				LD_RUNPATH_SEARCH_PATHS = (
					"$(inherited)",
					"@executable_path/Frameworks",
				);
				PRODUCT_BUNDLE_IDENTIFIER = litong.tradingBot;
				PRODUCT_NAME = "$(TARGET_NAME)";
				SWIFT_VERSION = 5.0;
				TARGETED_DEVICE_FAMILY = "1,2";
			};
			name = Debug;
		};
		846E751A25E539BD0055F792 /* Release */ = {
			isa = XCBuildConfiguration;
			buildSettings = {
				ASSETCATALOG_COMPILER_APPICON_NAME = AppIcon;
				ASSETCATALOG_COMPILER_GLOBAL_ACCENT_COLOR_NAME = AccentColor;
				CODE_SIGN_STYLE = Automatic;
				DEVELOPMENT_ASSET_PATHS = "\"tradingBot/Preview Content\"";
				ENABLE_PREVIEWS = YES;
				INFOPLIST_FILE = tradingBot/Info.plist;
				IPHONEOS_DEPLOYMENT_TARGET = 14.0;
				LD_RUNPATH_SEARCH_PATHS = (
					"$(inherited)",
					"@executable_path/Frameworks",
				);
				PRODUCT_BUNDLE_IDENTIFIER = litong.tradingBot;
				PRODUCT_NAME = "$(TARGET_NAME)";
				SWIFT_VERSION = 5.0;
				TARGETED_DEVICE_FAMILY = "1,2";
			};
			name = Release;
		};
		846E751C25E539BD0055F792 /* Debug */ = {
			isa = XCBuildConfiguration;
			buildSettings = {
				ALWAYS_EMBED_SWIFT_STANDARD_LIBRARIES = YES;
				BUNDLE_LOADER = "$(TEST_HOST)";
				CODE_SIGN_STYLE = Automatic;
				INFOPLIST_FILE = tradingBotTests/Info.plist;
				IPHONEOS_DEPLOYMENT_TARGET = 14.0;
				LD_RUNPATH_SEARCH_PATHS = (
					"$(inherited)",
					"@executable_path/Frameworks",
					"@loader_path/Frameworks",
				);
				PRODUCT_BUNDLE_IDENTIFIER = litong.tradingBotTests;
				PRODUCT_NAME = "$(TARGET_NAME)";
				SWIFT_VERSION = 5.0;
				TARGETED_DEVICE_FAMILY = "1,2";
				TEST_HOST = "$(BUILT_PRODUCTS_DIR)/tradingBot.app/tradingBot";
			};
			name = Debug;
		};
		846E751D25E539BD0055F792 /* Release */ = {
			isa = XCBuildConfiguration;
			buildSettings = {
				ALWAYS_EMBED_SWIFT_STANDARD_LIBRARIES = YES;
				BUNDLE_LOADER = "$(TEST_HOST)";
				CODE_SIGN_STYLE = Automatic;
				INFOPLIST_FILE = tradingBotTests/Info.plist;
				IPHONEOS_DEPLOYMENT_TARGET = 14.0;
				LD_RUNPATH_SEARCH_PATHS = (
					"$(inherited)",
					"@executable_path/Frameworks",
					"@loader_path/Frameworks",
				);
				PRODUCT_BUNDLE_IDENTIFIER = litong.tradingBotTests;
				PRODUCT_NAME = "$(TARGET_NAME)";
				SWIFT_VERSION = 5.0;
				TARGETED_DEVICE_FAMILY = "1,2";
				TEST_HOST = "$(BUILT_PRODUCTS_DIR)/tradingBot.app/tradingBot";
			};
			name = Release;
		};
		846E751F25E539BD0055F792 /* Debug */ = {
			isa = XCBuildConfiguration;
			buildSettings = {
				ALWAYS_EMBED_SWIFT_STANDARD_LIBRARIES = YES;
				CODE_SIGN_STYLE = Automatic;
				INFOPLIST_FILE = tradingBotUITests/Info.plist;
				LD_RUNPATH_SEARCH_PATHS = (
					"$(inherited)",
					"@executable_path/Frameworks",
					"@loader_path/Frameworks",
				);
				PRODUCT_BUNDLE_IDENTIFIER = litong.tradingBotUITests;
				PRODUCT_NAME = "$(TARGET_NAME)";
				SWIFT_VERSION = 5.0;
				TARGETED_DEVICE_FAMILY = "1,2";
				TEST_TARGET_NAME = tradingBot;
			};
			name = Debug;
		};
		846E752025E539BD0055F792 /* Release */ = {
			isa = XCBuildConfiguration;
			buildSettings = {
				ALWAYS_EMBED_SWIFT_STANDARD_LIBRARIES = YES;
				CODE_SIGN_STYLE = Automatic;
				INFOPLIST_FILE = tradingBotUITests/Info.plist;
				LD_RUNPATH_SEARCH_PATHS = (
					"$(inherited)",
					"@executable_path/Frameworks",
					"@loader_path/Frameworks",
				);
				PRODUCT_BUNDLE_IDENTIFIER = litong.tradingBotUITests;
				PRODUCT_NAME = "$(TARGET_NAME)";
				SWIFT_VERSION = 5.0;
				TARGETED_DEVICE_FAMILY = "1,2";
				TEST_TARGET_NAME = tradingBot;
			};
			name = Release;
		};
/* End XCBuildConfiguration section */

/* Begin XCConfigurationList section */
		846E74EE25E539B20055F792 /* Build configuration list for PBXProject "tradingBot" */ = {
			isa = XCConfigurationList;
			buildConfigurations = (
				846E751625E539BD0055F792 /* Debug */,
				846E751725E539BD0055F792 /* Release */,
			);
			defaultConfigurationIsVisible = 0;
			defaultConfigurationName = Release;
		};
		846E751825E539BD0055F792 /* Build configuration list for PBXNativeTarget "tradingBot" */ = {
			isa = XCConfigurationList;
			buildConfigurations = (
				846E751925E539BD0055F792 /* Debug */,
				846E751A25E539BD0055F792 /* Release */,
			);
			defaultConfigurationIsVisible = 0;
			defaultConfigurationName = Release;
		};
		846E751B25E539BD0055F792 /* Build configuration list for PBXNativeTarget "tradingBotTests" */ = {
			isa = XCConfigurationList;
			buildConfigurations = (
				846E751C25E539BD0055F792 /* Debug */,
				846E751D25E539BD0055F792 /* Release */,
			);
			defaultConfigurationIsVisible = 0;
			defaultConfigurationName = Release;
		};
		846E751E25E539BD0055F792 /* Build configuration list for PBXNativeTarget "tradingBotUITests" */ = {
			isa = XCConfigurationList;
			buildConfigurations = (
				846E751F25E539BD0055F792 /* Debug */,
				846E752025E539BD0055F792 /* Release */,
			);
			defaultConfigurationIsVisible = 0;
			defaultConfigurationName = Release;
		};
/* End XCConfigurationList section */
	};
	rootObject = 846E74EB25E539B20055F792 /* Project object */;
}
